
Microsoft Visual Studio Solution File, Format Version 12.00
# Visual Studio 15
VisualStudioVersion = 15.0.28307.1705
MinimumVisualStudioVersion = 10.0.40219.1
Project("{FAE04EC0-301F-11D3-BF4B-00C04F79EFBC}") = "VaultApp", "VaultApp\VaultApp.csproj", "{3FA58D3E-A17F-40AA-9A33-5D42F33DF65B}"
EndProject
Global
	GlobalSection(SolutionConfigurationPlatforms) = preSolution
		Debug|Any CPU = Debug|Any CPU
		Release|Any CPU = Release|Any CPU
	EndGlobalSection
	GlobalSection(ProjectConfigurationPlatforms) = postSolution
		{3FA58D3E-A17F-40AA-9A33-5D42F33DF65B}.Debug|Any CPU.ActiveCfg = Debug|Any CPU
		{3FA58D3E-A17F-40AA-9A33-5D42F33DF65B}.Debug|Any CPU.Build.0 = Debug|Any CPU
		{3FA58D3E-A17F-40AA-9A33-5D42F33DF65B}.Release|Any CPU.ActiveCfg = Release|Any CPU
		{3FA58D3E-A17F-40AA-9A33-5D42F33DF65B}.Release|Any CPU.Build.0 = Release|Any CPU
	EndGlobalSection
	GlobalSection(SolutionProperties) = preSolution
		HideSolutionNode = FALSE
	EndGlobalSection
	GlobalSection(ExtensibilityGlobals) = postSolution
		SolutionGuid = {08BD81E9-CA3A-44EF-8E97-D5AE5BEE42FE}
	EndGlobalSection
EndGlobal
